{
  "nodes": {
    "cabal-src": {
      "flake": false,
      "locked": {
        "lastModified": 1782431330,
        "narHash": "sha256-EEFTBxrdpU/4iY6nn3dfHz57E3Ic0B+lv6oBXbVNHJA=",
        "owner": "haskell",
        "repo": "cabal",
        "rev": "ee7d5daa90023dcecf62fb4b85339aeeb56ec60c",
        "type": "github"
      },
      "original": {
        "owner": "haskell",
        "repo": "cabal",
        "type": "github"
      }
    },
    "flake-compat": {
      "flake": false,
      "locked": {
        "lastModified": 1767039857,
        "narHash": "sha256-vNpUSpF5Nuw8xvDLj2KCwwksIbjua2LZCqhV1LNRDns=",
        "owner": "NixOS",
        "repo": "flake-compat",
        "rev": "5edf11c44bc78a0d334f6334cdaf7d60d732daab",
        "type": "github"
      },
      "original": {
        "owner": "NixOS",
        "repo": "flake-compat",
        "type": "github"
      }
    },
    "ghc-src": {
      "flake": false,
      "locked": {
        "lastModified": 1782521830,
        "narHash": "sha256-62IdqqGVvtQtwIl2wKgv2mBSr6UVAIDfhHXyD1KA6uQ=",
        "owner": "ghc",
        "repo": "ghc",
        "rev": "d86d2644a05263d23f592549a718fd05175e9e59",
        "type": "github"
      },
      "original": {
        "owner": "ghc",
        "repo": "ghc",
        "type": "github"
      }
    },
    "git-hooks": {
      "inputs": {
        "flake-compat": "flake-compat",
        "gitignore": "gitignore",
        "nixpkgs": [
          "nixpkgs"
        ]
      },
      "locked": {
        "lastModified": 1781733627,
        "narHash": "sha256-U3yTuGBnmXvXoQI3qkpfEDsn9RovQPAjN7ndRco+3u0=",
        "owner": "cachix",
        "repo": "git-hooks.nix",
        "rev": "3bbec39bc90eadfa031e6f3b77272f3f60803e39",
        "type": "github"
      },
      "original": {
        "owner": "cachix",
        "repo": "git-hooks.nix",
        "type": "github"
      }
    },
    "gitignore": {
      "inputs": {
        "nixpkgs": [
          "git-hooks",
          "nixpkgs"
        ]
      },
      "locked": {
        "lastModified": 1709087332,
        "narHash": "sha256-HG2cCnktfHsKV0s4XW83gU3F57gaTljL9KNSuG6bnQs=",
        "owner": "hercules-ci",
        "repo": "gitignore.nix",
        "rev": "637db329424fd7e46cf4185293b9cc8c88c95394",
        "type": "github"
      },
      "original": {
        "owner": "hercules-ci",
        "repo": "gitignore.nix",
        "type": "github"
      }
    },
    "hls-src": {
      "flake": false,
      "locked": {
        "lastModified": 1781989042,
        "narHash": "sha256-LYvt4PS9/49TI/qMs58G3m8ULCljZ7rMz22Y8sWoqxE=",
        "owner": "haskell",
        "repo": "haskell-language-server",
        "rev": "20727f2c483b285b6e9d2bfd899acfa2ac21712f",
        "type": "github"
      },
      "original": {
        "owner": "haskell",
        "repo": "haskell-language-server",
        "type": "github"
      }
    },
    "nixpkgs": {
      "locked": {
        "lastModified": 1782175435,
        "narHash": "sha256-8d2wCNWKnd86GzKZvbuqqlS+HqMrheXkvRf0qGJ/oA0=",
        "rev": "89570f24e97e614aa34aa9ab1c927b6578a43775",
        "type": "tarball",
        "url": "https://releases.nixos.org/nixpkgs/nixpkgs-26.11pre1020805.89570f24e97e/nixexprs.tar.xz"
      },
      "original": {
        "id": "nixpkgs",
        "ref": "nixpkgs-unstable",
        "type": "indirect"
      }
    },
    "root": {
      "inputs": {
        "cabal-src": "cabal-src",
        "ghc-src": "ghc-src",
        "git-hooks": "git-hooks",
        "hls-src": "hls-src",
        "nixpkgs": "nixpkgs",
        "utils": "utils"
      }
    },
    "systems": {
      "locked": {
        "lastModified": 1681028828,
        "narHash": "sha256-Vy1rq5AaRuLzOxct8nz4T6wlgyUR7zLU309k9mBC768=",
        "owner": "nix-systems",
        "repo": "default",
        "rev": "da67096a3b9bf56a91d16901293e51ba5b49a27e",
        "type": "github"
      },
      "original": {
        "owner": "nix-systems",
        "repo": "default",
        "type": "github"
      }
    },
    "utils": {
      "inputs": {
        "systems": "systems"
      },
      "locked": {
        "lastModified": 1731533236,
        "narHash": "sha256-l0KFg5HjrsfsO/JpG+r7fRrqm12kzFHyUHqHCVpMMbI=",
        "owner": "numtide",
        "repo": "flake-utils",
        "rev": "11707dc2f618dd54ca8739b309ec4fc024de578b",
        "type": "github"
      },
      "original": {
        "owner": "numtide",
        "repo": "flake-utils",
        "type": "github"
      }
    }
  },
  "root": "root",
  "version": 7
}
