{
  "nodes": {
    "cabal-src": {
      "flake": false,
      "locked": {
        "lastModified": 1785144113,
        "narHash": "sha256-E/uHrpyidc403hAqh9acpdAUBLnBEyzolgE1PZSKbuQ=",
        "owner": "haskell",
        "repo": "cabal",
        "rev": "46188fa5c9442174ec8447c3b044e3431f5e1ebb",
        "type": "github"
      },
      "original": {
        "owner": "haskell",
        "repo": "cabal",
        "type": "github"
      }
    },
    "flake-compat": {
      "flake": false,
      "locked": {
        "lastModified": 1767039857,
        "narHash": "sha256-vNpUSpF5Nuw8xvDLj2KCwwksIbjua2LZCqhV1LNRDns=",
        "owner": "NixOS",
        "repo": "flake-compat",
        "rev": "5edf11c44bc78a0d334f6334cdaf7d60d732daab",
        "type": "github"
      },
      "original": {
        "owner": "NixOS",
        "repo": "flake-compat",
        "type": "github"
      }
    },
    "ghc-src": {
      "flake": false,
      "locked": {
        "lastModified": 1785015651,
        "narHash": "sha256-/OdrwRqFzu6rt+zbZm7un4LYxMqk9iBTkoY1cLfMFYc=",
        "owner": "ghc",
        "repo": "ghc",
        "rev": "f6f2343fbbfdfd8aaed9babf5983e3e24c08ca85",
        "type": "github"
      },
      "original": {
        "owner": "ghc",
        "repo": "ghc",
        "type": "github"
      }
    },
    "git-hooks": {
      "inputs": {
        "flake-compat": "flake-compat",
        "nixpkgs": [
          "nixpkgs"
        ]
      },
      "locked": {
        "lastModified": 1784288435,
        "narHash": "sha256-ReRHaLgr/uVqdD8afFSn+myXIfpHeOhP0yYe0TJqAA8=",
        "owner": "cachix",
        "repo": "git-hooks.nix",
        "rev": "43b3c1ab9d40fb1dbb008f451988a91e375825e9",
        "type": "github"
      },
      "original": {
        "owner": "cachix",
        "repo": "git-hooks.nix",
        "type": "github"
      }
    },
    "hls-src": {
      "flake": false,
      "locked": {
        "lastModified": 1785530831,
        "narHash": "sha256-9f2MUz0Auwjti0iiQUovL1mCYEHla3gjbmNVBsvIcD8=",
        "owner": "haskell",
        "repo": "haskell-language-server",
        "rev": "82a7d796fea0fd0e27e0644a5400f0fd9f5a0604",
        "type": "github"
      },
      "original": {
        "owner": "haskell",
        "repo": "haskell-language-server",
        "type": "github"
      }
    },
    "nixpkgs": {
      "locked": {
        "lastModified": 1782175435,
        "narHash": "sha256-8d2wCNWKnd86GzKZvbuqqlS+HqMrheXkvRf0qGJ/oA0=",
        "rev": "89570f24e97e614aa34aa9ab1c927b6578a43775",
        "type": "tarball",
        "url": "https://releases.nixos.org/nixpkgs/nixpkgs-26.11pre1020805.89570f24e97e/nixexprs.tar.xz"
      },
      "original": {
        "id": "nixpkgs",
        "ref": "nixpkgs-unstable",
        "type": "indirect"
      }
    },
    "root": {
      "inputs": {
        "cabal-src": "cabal-src",
        "ghc-src": "ghc-src",
        "git-hooks": "git-hooks",
        "hls-src": "hls-src",
        "nixpkgs": "nixpkgs",
        "utils": "utils"
      }
    },
    "systems": {
      "locked": {
        "lastModified": 1681028828,
        "narHash": "sha256-Vy1rq5AaRuLzOxct8nz4T6wlgyUR7zLU309k9mBC768=",
        "owner": "nix-systems",
        "repo": "default",
        "rev": "da67096a3b9bf56a91d16901293e51ba5b49a27e",
        "type": "github"
      },
      "original": {
        "owner": "nix-systems",
        "repo": "default",
        "type": "github"
      }
    },
    "utils": {
      "inputs": {
        "systems": "systems"
      },
      "locked": {
        "lastModified": 1731533236,
        "narHash": "sha256-l0KFg5HjrsfsO/JpG+r7fRrqm12kzFHyUHqHCVpMMbI=",
        "owner": "numtide",
        "repo": "flake-utils",
        "rev": "11707dc2f618dd54ca8739b309ec4fc024de578b",
        "type": "github"
      },
      "original": {
        "owner": "numtide",
        "repo": "flake-utils",
        "type": "github"
      }
    }
  },
  "root": "root",
  "version": 7
}
