{
  "nodes": {
    "cabal-src": {
      "flake": false,
      "locked": {
        "lastModified": 1787837547,
        "narHash": "sha256-FC3p84qguYWlAm0vmabIE+EHM4mf8saJZIIpdg5p74E=",
        "owner": "haskell",
        "repo": "cabal",
        "rev": "5969ad6e60c51aace6f6f6f6d2f77be1cb1a605a",
        "type": "github"
      },
      "original": {
        "owner": "haskell",
        "repo": "cabal",
        "type": "github"
      }
    },
    "flake-compat": {
      "flake": false,
      "locked": {
        "lastModified": 1767039857,
        "narHash": "sha256-vNpUSpF5Nuw8xvDLj2KCwwksIbjua2LZCqhV1LNRDns=",
        "owner": "NixOS",
        "repo": "flake-compat",
        "rev": "5edf11c44bc78a0d334f6334cdaf7d60d732daab",
        "type": "github"
      },
      "original": {
        "owner": "NixOS",
        "repo": "flake-compat",
        "type": "github"
      }
    },
    "ghc-src": {
      "flake": false,
      "locked": {
        "lastModified": 1787939956,
        "narHash": "sha256-xkHOFDrFWEPcDzTdcs4JEmVxvgTRQL0r0N3wyPDG2oU=",
        "owner": "ghc",
        "repo": "ghc",
        "rev": "5bd65f00e9ec53f6bf4a2fb1f0991bd0b4dbce8a",
        "type": "github"
      },
      "original": {
        "owner": "ghc",
        "repo": "ghc",
        "type": "github"
      }
    },
    "git-hooks": {
      "inputs": {
        "flake-compat": "flake-compat",
        "nixpkgs": [
          "nixpkgs"
        ]
      },
      "locked": {
        "lastModified": 1787770114,
        "narHash": "sha256-wFwVQb1x5FAY4T5VRZtgh0PCD9nbgtlaV9ta8+ZE8zs=",
        "owner": "cachix",
        "repo": "git-hooks.nix",
        "rev": "903a4c22c12860082f6a5e1b9a638d667883fcfd",
        "type": "github"
      },
      "original": {
        "owner": "cachix",
        "repo": "git-hooks.nix",
        "type": "github"
      }
    },
    "hls-src": {
      "flake": false,
      "locked": {
        "lastModified": 1787852014,
        "narHash": "sha256-wUf/zDeBjmFMBsSkT0kUnaxaEjfKbad4pZgAPBipr8s=",
        "owner": "haskell",
        "repo": "haskell-language-server",
        "rev": "d3464b6361dd84b8aa6ae9426ff9814b7809d23c",
        "type": "github"
      },
      "original": {
        "owner": "haskell",
        "repo": "haskell-language-server",
        "type": "github"
      }
    },
    "nixpkgs": {
      "locked": {
        "lastModified": 1782175435,
        "narHash": "sha256-8d2wCNWKnd86GzKZvbuqqlS+HqMrheXkvRf0qGJ/oA0=",
        "rev": "89570f24e97e614aa34aa9ab1c927b6578a43775",
        "type": "tarball",
        "url": "https://releases.nixos.org/nixpkgs/nixpkgs-26.11pre1020805.89570f24e97e/nixexprs.tar.xz"
      },
      "original": {
        "id": "nixpkgs",
        "ref": "nixpkgs-unstable",
        "type": "indirect"
      }
    },
    "root": {
      "inputs": {
        "cabal-src": "cabal-src",
        "ghc-src": "ghc-src",
        "git-hooks": "git-hooks",
        "hls-src": "hls-src",
        "nixpkgs": "nixpkgs",
        "utils": "utils"
      }
    },
    "systems": {
      "locked": {
        "lastModified": 1681028828,
        "narHash": "sha256-Vy1rq5AaRuLzOxct8nz4T6wlgyUR7zLU309k9mBC768=",
        "owner": "nix-systems",
        "repo": "default",
        "rev": "da67096a3b9bf56a91d16901293e51ba5b49a27e",
        "type": "github"
      },
      "original": {
        "owner": "nix-systems",
        "repo": "default",
        "type": "github"
      }
    },
    "utils": {
      "inputs": {
        "systems": "systems"
      },
      "locked": {
        "lastModified": 1731533236,
        "narHash": "sha256-l0KFg5HjrsfsO/JpG+r7fRrqm12kzFHyUHqHCVpMMbI=",
        "owner": "numtide",
        "repo": "flake-utils",
        "rev": "11707dc2f618dd54ca8739b309ec4fc024de578b",
        "type": "github"
      },
      "original": {
        "owner": "numtide",
        "repo": "flake-utils",
        "type": "github"
      }
    }
  },
  "root": "root",
  "version": 7
}
